
Microsoft Visual Studio Solution File, Format Version 12.00
# Visual Studio Version 17
VisualStudioVersion = 17.0.31903.59
MinimumVisualStudioVersion = 10.0.40219.1
Project("{FAE04EC0-301F-11D3-BF4B-00C04F79EFBC}") = "Leonardo", "src\Leonardo\Leonardo.csproj", "{6A4B1495-10F6-4D91-8E9A-1081076058B5}"
EndProject
Project("{FAE04EC0-301F-11D3-BF4B-00C04F79EFBC}") = "Cli", "src\Cli\Cli.csproj", "{44BAC397-927F-49A3-AA00-F502CF93AD50}"
EndProject
Project("{FAE04EC0-301F-11D3-BF4B-00C04F79EFBC}") = "Leonardo.Test", "tests\Leonardo.Test\Leonardo.Test.csproj", "{17F75718-2840-4A6E-BB7D-0BF62283F1B8}"
EndProject
Project("{2150E333-8FDC-42A3-9474-1A3956D46DE8}") = "src", "src", "{C0C968EC-8900-44CB-9BDD-7F06ED592660}"
EndProject
Project("{FAE04EC0-301F-11D3-BF4B-00C04F79EFBC}") = "Leonardo.Web", "src\Leonardo.Web\Leonardo.Web.csproj", "{D1A4C0F5-DFA9-4599-BE19-DC169F6E5E86}"
EndProject
Global
	GlobalSection(SolutionConfigurationPlatforms) = preSolution
		Debug|Any CPU = Debug|Any CPU
		Release|Any CPU = Release|Any CPU
	EndGlobalSection
	GlobalSection(SolutionProperties) = preSolution
		HideSolutionNode = FALSE
	EndGlobalSection
	GlobalSection(ProjectConfigurationPlatforms) = postSolution
		{6A4B1495-10F6-4D91-8E9A-1081076058B5}.Debug|Any CPU.ActiveCfg = Debug|Any CPU
		{6A4B1495-10F6-4D91-8E9A-1081076058B5}.Debug|Any CPU.Build.0 = Debug|Any CPU
		{6A4B1495-10F6-4D91-8E9A-1081076058B5}.Release|Any CPU.ActiveCfg = Release|Any CPU
		{6A4B1495-10F6-4D91-8E9A-1081076058B5}.Release|Any CPU.Build.0 = Release|Any CPU
		{44BAC397-927F-49A3-AA00-F502CF93AD50}.Debug|Any CPU.ActiveCfg = Debug|Any CPU
		{44BAC397-927F-49A3-AA00-F502CF93AD50}.Debug|Any CPU.Build.0 = Debug|Any CPU
		{44BAC397-927F-49A3-AA00-F502CF93AD50}.Release|Any CPU.ActiveCfg = Release|Any CPU
		{44BAC397-927F-49A3-AA00-F502CF93AD50}.Release|Any CPU.Build.0 = Release|Any CPU
		{17F75718-2840-4A6E-BB7D-0BF62283F1B8}.Debug|Any CPU.ActiveCfg = Debug|Any CPU
		{17F75718-2840-4A6E-BB7D-0BF62283F1B8}.Debug|Any CPU.Build.0 = Debug|Any CPU
		{17F75718-2840-4A6E-BB7D-0BF62283F1B8}.Release|Any CPU.ActiveCfg = Release|Any CPU
		{17F75718-2840-4A6E-BB7D-0BF62283F1B8}.Release|Any CPU.Build.0 = Release|Any CPU
		{D1A4C0F5-DFA9-4599-BE19-DC169F6E5E86}.Debug|Any CPU.ActiveCfg = Debug|Any CPU
		{D1A4C0F5-DFA9-4599-BE19-DC169F6E5E86}.Debug|Any CPU.Build.0 = Debug|Any CPU
		{D1A4C0F5-DFA9-4599-BE19-DC169F6E5E86}.Release|Any CPU.ActiveCfg = Release|Any CPU
		{D1A4C0F5-DFA9-4599-BE19-DC169F6E5E86}.Release|Any CPU.Build.0 = Release|Any CPU
	EndGlobalSection
	GlobalSection(NestedProjects) = preSolution
		{D1A4C0F5-DFA9-4599-BE19-DC169F6E5E86} = {C0C968EC-8900-44CB-9BDD-7F06ED592660}
	EndGlobalSection
EndGlobal
